{
  "name": "add-photo",
  "version": "1.0.0",
  "lockfileVersion": 1,
  "requires": true,
  "dependencies": {
    "fastclick": {
      "version": "1.0.6",
      "resolved": "http://registry.npm.taobao.org/fastclick/download/fastclick-1.0.6.tgz",
      "integrity": "sha1-FhYlsnsaWAZAWTa9qaLBkm0Gvmo="
    },
    "zepto": {
      "version": "1.2.0",
      "resolved": "http://registry.npm.taobao.org/zepto/download/zepto-1.2.0.tgz",
      "integrity": "sha1-4Se9nmb9hGvl6rSME5SIL3wOT5g="
    }
  }
}
